<?xml version="1.0" encoding="utf-8"?>
<Project ToolsVersion="4.0" xmlns="http://schemas.microsoft.com/developer/msbuild/2003">
  <ItemGroup>
    <Filter Include="Source Files">
      <UniqueIdentifier>{4FC737F1-C7A5-4376-A066-2A32D752A2FF}</UniqueIdentifier>
      <Extensions>cpp;c;cxx;def;odl;idl;hpj;bat;asm;asmx</Extensions>
    </Filter>
    <Filter Include="Header Files">
      <UniqueIdentifier>{93995380-89BD-4b04-88EB-625FBE52EBFB}</UniqueIdentifier>
      <Extensions>h;hpp;hxx;hm;inl;inc;xsd</Extensions>
    </Filter>
    <Filter Include="Resource Files">
      <UniqueIdentifier>{67DA6AB6-F800-4c08-8B7A-83BB121AAD01}</UniqueIdentifier>
      <Extensions>rc;ico;cur;bmp;dlg;rc2;rct;bin;rgs;gif;jpg;jpeg;jpe;resx</Extensions>
    </Filter>
  </ItemGroup>
  <ItemGroup>
    <ClCompile Include="AboutDlg.cpp">
      <Filter>Source Files</Filter>
    </ClCompile>
    <ClCompile Include="BatchDlg.cpp">
      <Filter>Source Files</Filter>
    </ClCompile>
    <ClCompile Include="CntrItem.cpp">
      <Filter>Source Files</Filter>
    </ClCompile>
    <ClCompile Include="DbManageDlg.cpp">
      <Filter>Source Files</Filter>
    </ClCompile>
    <ClCompile Include="DbSigs.cpp">
      <Filter>Source Files</Filter>
    </ClCompile>
    <ClCompile Include="DbSubmitDlg.cpp">
      <Filter>Source Files</Filter>
    </ClCompile>
    <ClCompile Include="DecodeDetailDlg.cpp">
      <Filter>Source Files</Filter>
    </ClCompile>
    <ClCompile Include="Dib.cpp">
      <Filter>Source Files</Filter>
    </ClCompile>
    <ClCompile Include="DocLog.cpp">
      <Filter>Source Files</Filter>
    </ClCompile>
    <ClCompile Include="ExportDlg.cpp">
      <Filter>Source Files</Filter>
    </ClCompile>
    <ClCompile Include="ExportTiffDlg.cpp">
      <Filter>Source Files</Filter>
    </ClCompile>
    <ClCompile Include="FileTiff.cpp">
      <Filter>Source Files</Filter>
    </ClCompile>
    <ClCompile Include="FolderDlg.cpp">
      <Filter>Source Files</Filter>
    </ClCompile>
    <ClCompile Include="General.cpp">
      <Filter>Source Files</Filter>
    </ClCompile>
    <ClCompile Include="HyperlinkStatic.cpp">
      <Filter>Source Files</Filter>
    </ClCompile>
    <ClCompile Include="ImgDecode.cpp">
      <Filter>Source Files</Filter>
    </ClCompile>
    <ClCompile Include="JfifDecode.cpp">
      <Filter>Source Files</Filter>
    </ClCompile>
    <ClCompile Include="JPEGsnoop.cpp">
      <Filter>Source Files</Filter>
    </ClCompile>
    <ClCompile Include="JPEGsnoopDoc.cpp">
      <Filter>Source Files</Filter>
    </ClCompile>
    <ClCompile Include="JPEGsnoopView.cpp">
      <Filter>Source Files</Filter>
    </ClCompile>
    <ClCompile Include="JPEGsnoopViewImg.cpp">
      <Filter>Source Files</Filter>
    </ClCompile>
    <ClCompile Include="LookupDlg.cpp">
      <Filter>Source Files</Filter>
    </ClCompile>
    <ClCompile Include="MainFrm.cpp">
      <Filter>Source Files</Filter>
    </ClCompile>
    <ClCompile Include="Md5.cpp">
      <Filter>Source Files</Filter>
    </ClCompile>
    <ClCompile Include="ModelessDlg.cpp">
      <Filter>Source Files</Filter>
    </ClCompile>
    <ClCompile Include="NoteDlg.cpp">
      <Filter>Source Files</Filter>
    </ClCompile>
    <ClCompile Include="OffsetDlg.cpp">
      <Filter>Source Files</Filter>
    </ClCompile>
    <ClCompile Include="OverlayBufDlg.cpp">
      <Filter>Source Files</Filter>
    </ClCompile>
    <ClCompile Include="Registry.cpp">
      <Filter>Source Files</Filter>
    </ClCompile>
    <ClCompile Include="SettingsDlg.cpp">
      <Filter>Source Files</Filter>
    </ClCompile>
    <ClCompile Include="SnoopConfig.cpp">
      <Filter>Source Files</Filter>
    </ClCompile>
    <ClCompile Include="stdafx.cpp">
      <Filter>Source Files</Filter>
    </ClCompile>
    <ClCompile Include="TermsDlg.cpp">
      <Filter>Source Files</Filter>
    </ClCompile>
    <ClCompile Include="UpdateAvailDlg.cpp">
      <Filter>Source Files</Filter>
    </ClCompile>
    <ClCompile Include="UrlString.cpp">
      <Filter>Source Files</Filter>
    </ClCompile>
    <ClCompile Include="WindowBuf.cpp">
      <Filter>Source Files</Filter>
    </ClCompile>
    <ClCompile Include="PsDecode.cpp">
      <Filter>Source Files</Filter>
    </ClCompile>
  </ItemGroup>
  <ItemGroup>
    <ClInclude Include="AboutDlg.h">
      <Filter>Header Files</Filter>
    </ClInclude>
    <ClInclude Include="BatchDlg.h">
      <Filter>Header Files</Filter>
    </ClInclude>
    <ClInclude Include="CntrItem.h">
      <Filter>Header Files</Filter>
    </ClInclude>
    <ClInclude Include="DbManageDlg.h">
      <Filter>Header Files</Filter>
    </ClInclude>
    <ClInclude Include="DbSigs.h">
      <Filter>Header Files</Filter>
    </ClInclude>
    <ClInclude Include="DbSubmitDlg.h">
      <Filter>Header Files</Filter>
    </ClInclude>
    <ClInclude Include="DecodeDetailDlg.h">
      <Filter>Header Files</Filter>
    </ClInclude>
    <ClInclude Include="Dib.h">
      <Filter>Header Files</Filter>
    </ClInclude>
    <ClInclude Include="DocLog.h">
      <Filter>Header Files</Filter>
    </ClInclude>
    <ClInclude Include="ExportDlg.h">
      <Filter>Header Files</Filter>
    </ClInclude>
    <ClInclude Include="ExportTiffDlg.h">
      <Filter>Header Files</Filter>
    </ClInclude>
    <ClInclude Include="FileTiff.h">
      <Filter>Header Files</Filter>
    </ClInclude>
    <ClInclude Include="FolderDlg.h">
      <Filter>Header Files</Filter>
    </ClInclude>
    <ClInclude Include="General.h">
      <Filter>Header Files</Filter>
    </ClInclude>
    <ClInclude Include="HyperlinkStatic.h">
      <Filter>Header Files</Filter>
    </ClInclude>
    <ClInclude Include="ImgDecode.h">
      <Filter>Header Files</Filter>
    </ClInclude>
    <ClInclude Include="JfifDecode.h">
      <Filter>Header Files</Filter>
    </ClInclude>
    <ClInclude Include="JPEGsnoop.h">
      <Filter>Header Files</Filter>
    </ClInclude>
    <ClInclude Include="JPEGsnoopDoc.h">
      <Filter>Header Files</Filter>
    </ClInclude>
    <ClInclude Include="JPEGsnoopView.h">
      <Filter>Header Files</Filter>
    </ClInclude>
    <ClInclude Include="JPEGsnoopViewImg.h">
      <Filter>Header Files</Filter>
    </ClInclude>
    <ClInclude Include="LookupDlg.h">
      <Filter>Header Files</Filter>
    </ClInclude>
    <ClInclude Include="MainFrm.h">
      <Filter>Header Files</Filter>
    </ClInclude>
    <ClInclude Include="Md5.h">
      <Filter>Header Files</Filter>
    </ClInclude>
    <ClInclude Include="ModelessDlg.h">
      <Filter>Header Files</Filter>
    </ClInclude>
    <ClInclude Include="NoteDlg.h">
      <Filter>Header Files</Filter>
    </ClInclude>
    <ClInclude Include="OffsetDlg.h">
      <Filter>Header Files</Filter>
    </ClInclude>
    <ClInclude Include="OverlayBufDlg.h">
      <Filter>Header Files</Filter>
    </ClInclude>
    <ClInclude Include="Registry.h">
      <Filter>Header Files</Filter>
    </ClInclude>
    <ClInclude Include="Resource.h">
      <Filter>Header Files</Filter>
    </ClInclude>
    <ClInclude Include="SettingsDlg.h">
      <Filter>Header Files</Filter>
    </ClInclude>
    <ClInclude Include="snoop.h">
      <Filter>Header Files</Filter>
    </ClInclude>
    <ClInclude Include="SnoopConfig.h">
      <Filter>Header Files</Filter>
    </ClInclude>
    <ClInclude Include="stdafx.h">
      <Filter>Header Files</Filter>
    </ClInclude>
    <ClInclude Include="TermsDlg.h">
      <Filter>Header Files</Filter>
    </ClInclude>
    <ClInclude Include="UpdateAvailDlg.h">
      <Filter>Header Files</Filter>
    </ClInclude>
    <ClInclude Include="UrlString.h">
      <Filter>Header Files</Filter>
    </ClInclude>
    <ClInclude Include="WindowBuf.h">
      <Filter>Header Files</Filter>
    </ClInclude>
    <ClInclude Include="PsDecode.h">
      <Filter>Header Files</Filter>
    </ClInclude>
  </ItemGroup>
  <ItemGroup>
    <None Include="Signatures.inl">
      <Filter>Header Files</Filter>
    </None>
    <None Include="res\JPEGsnoop.rc2">
      <Filter>Resource Files</Filter>
    </None>
  </ItemGroup>
  <ItemGroup>
    <Image Include="res\jpegsnoop-prog-icon1-novista.ico">
      <Filter>Resource Files</Filter>
    </Image>
    <Image Include="res\JPEGsnoop.ico">
      <Filter>Resource Files</Filter>
    </Image>
    <Image Include="res\jpegsnoop4a.ico">
      <Filter>Resource Files</Filter>
    </Image>
    <Image Include="res\jpegsnoop4a1.ico">
      <Filter>Resource Files</Filter>
    </Image>
    <Image Include="res\JPEGsnoopDoc.ico">
      <Filter>Resource Files</Filter>
    </Image>
    <Image Include="res\Toolbar.bmp">
      <Filter>Resource Files</Filter>
    </Image>
  </ItemGroup>
  <ItemGroup>
    <ResourceCompile Include="JPEGsnoop.rc">
      <Filter>Resource Files</Filter>
    </ResourceCompile>
  </ItemGroup>
  <ItemGroup>
    <Manifest Include="res\JPEGsnoop.manifest" />
  </ItemGroup>
  <ItemGroup>
    <Text Include="README-FILES.txt" />
    <Text Include="VERSION.txt" />
    <Text Include="ReadMe.txt" />
  </ItemGroup>
</Project>