<?xml version="1.0" encoding="utf-8"?>
<Project ToolsVersion="4.0" xmlns="http://schemas.microsoft.com/developer/msbuild/2003">
  <ItemGroup>
    <Filter Include="Source Files">
      <UniqueIdentifier>{4FC737F1-C7A5-4376-A066-2A32D752A2FF}</UniqueIdentifier>
      <Extensions>cpp;c;cxx;def;odl;idl;hpj;bat;asm;asmx</Extensions>
    </Filter>
    <Filter Include="Header Files">
      <UniqueIdentifier>{93995380-89BD-4b04-88EB-625FBE52EBFB}</UniqueIdentifier>
      <Extensions>h;hpp;hxx;hm;inl;inc;xsd</Extensions>
    </Filter>
    <Filter Include="Resource Files">
      <UniqueIdentifier>{67DA6AB6-F800-4c08-8B7A-83BB121AAD01}</UniqueIdentifier>
      <Extensions>rc;ico;cur;bmp;dlg;rc2;rct;bin;rgs;gif;jpg;jpeg;jpe;resx</Extensions>
    </Filter>
  </ItemGroup>
  <ItemGroup>
    <ClCompile Include="source\AboutDlg.cpp">
      <Filter>Source Files</Filter>
    </ClCompile>
    <ClCompile Include="source\BatchDlg.cpp">
      <Filter>Source Files</Filter>
    </ClCompile>
    <ClCompile Include="source\CntrItem.cpp">
      <Filter>Source Files</Filter>
    </ClCompile>
    <ClCompile Include="source\DbManageDlg.cpp">
      <Filter>Source Files</Filter>
    </ClCompile>
    <ClCompile Include="source\DbSigs.cpp">
      <Filter>Source Files</Filter>
    </ClCompile>
    <ClCompile Include="source\DbSubmitDlg.cpp">
      <Filter>Source Files</Filter>
    </ClCompile>
    <ClCompile Include="source\DecodeDetailDlg.cpp">
      <Filter>Source Files</Filter>
    </ClCompile>
    <ClCompile Include="source\DecodeDicom.cpp">
      <Filter>Source Files</Filter>
    </ClCompile>
    <ClCompile Include="source\DecodeDicomTags.cpp">
      <Filter>Source Files</Filter>
    </ClCompile>
    <ClCompile Include="source\DecodePs.cpp">
      <Filter>Source Files</Filter>
    </ClCompile>
    <ClCompile Include="source\Dib.cpp">
      <Filter>Source Files</Filter>
    </ClCompile>
    <ClCompile Include="source\DocLog.cpp">
      <Filter>Source Files</Filter>
    </ClCompile>
    <ClCompile Include="source\ExportDlg.cpp">
      <Filter>Source Files</Filter>
    </ClCompile>
    <ClCompile Include="source\ExportTiffDlg.cpp">
      <Filter>Source Files</Filter>
    </ClCompile>
    <ClCompile Include="source\FileTiff.cpp">
      <Filter>Source Files</Filter>
    </ClCompile>
    <ClCompile Include="source\FolderDlg.cpp">
      <Filter>Source Files</Filter>
    </ClCompile>
    <ClCompile Include="source\General.cpp">
      <Filter>Source Files</Filter>
    </ClCompile>
    <ClCompile Include="source\HyperlinkStatic.cpp">
      <Filter>Source Files</Filter>
    </ClCompile>
    <ClCompile Include="source\ImgDecode.cpp">
      <Filter>Source Files</Filter>
    </ClCompile>
    <ClCompile Include="source\JfifDecode.cpp">
      <Filter>Source Files</Filter>
    </ClCompile>
    <ClCompile Include="source\JPEGsnoop.cpp">
      <Filter>Source Files</Filter>
    </ClCompile>
    <ClCompile Include="source\JPEGsnoopCore.cpp">
      <Filter>Source Files</Filter>
    </ClCompile>
    <ClCompile Include="source\JPEGsnoopDoc.cpp">
      <Filter>Source Files</Filter>
    </ClCompile>
    <ClCompile Include="source\JPEGsnoopView.cpp">
      <Filter>Source Files</Filter>
    </ClCompile>
    <ClCompile Include="source\JPEGsnoopViewImg.cpp">
      <Filter>Source Files</Filter>
    </ClCompile>
    <ClCompile Include="source\LookupDlg.cpp">
      <Filter>Source Files</Filter>
    </ClCompile>
    <ClCompile Include="source\MainFrm.cpp">
      <Filter>Source Files</Filter>
    </ClCompile>
    <ClCompile Include="source\Md5.cpp">
      <Filter>Source Files</Filter>
    </ClCompile>
    <ClCompile Include="source\ModelessDlg.cpp">
      <Filter>Source Files</Filter>
    </ClCompile>
    <ClCompile Include="source\NoteDlg.cpp">
      <Filter>Source Files</Filter>
    </ClCompile>
    <ClCompile Include="source\OffsetDlg.cpp">
      <Filter>Source Files</Filter>
    </ClCompile>
    <ClCompile Include="source\OverlayBufDlg.cpp">
      <Filter>Source Files</Filter>
    </ClCompile>
    <ClCompile Include="source\Registry.cpp">
      <Filter>Source Files</Filter>
    </ClCompile>
    <ClCompile Include="source\SettingsDlg.cpp">
      <Filter>Source Files</Filter>
    </ClCompile>
    <ClCompile Include="source\SnoopConfig.cpp">
      <Filter>Source Files</Filter>
    </ClCompile>
    <ClCompile Include="source\stdafx.cpp">
      <Filter>Source Files</Filter>
    </ClCompile>
    <ClCompile Include="source\TermsDlg.cpp">
      <Filter>Source Files</Filter>
    </ClCompile>
    <ClCompile Include="source\UpdateAvailDlg.cpp">
      <Filter>Source Files</Filter>
    </ClCompile>
    <ClCompile Include="source\UrlString.cpp">
      <Filter>Source Files</Filter>
    </ClCompile>
    <ClCompile Include="source\WindowBuf.cpp">
      <Filter>Source Files</Filter>
    </ClCompile>
  </ItemGroup>
  <ItemGroup>
    <ClInclude Include="source\AboutDlg.h">
      <Filter>Header Files</Filter>
    </ClInclude>
    <ClInclude Include="source\BatchDlg.h">
      <Filter>Header Files</Filter>
    </ClInclude>
    <ClInclude Include="source\CntrItem.h">
      <Filter>Header Files</Filter>
    </ClInclude>
    <ClInclude Include="source\DbManageDlg.h">
      <Filter>Header Files</Filter>
    </ClInclude>
    <ClInclude Include="source\DbSigs.h">
      <Filter>Header Files</Filter>
    </ClInclude>
    <ClInclude Include="source\DbSubmitDlg.h">
      <Filter>Header Files</Filter>
    </ClInclude>
    <ClInclude Include="source\DecodeDetailDlg.h">
      <Filter>Header Files</Filter>
    </ClInclude>
    <ClInclude Include="source\DecodeDicom.h">
      <Filter>Header Files</Filter>
    </ClInclude>
    <ClInclude Include="source\DecodePs.h">
      <Filter>Header Files</Filter>
    </ClInclude>
    <ClInclude Include="source\Dib.h">
      <Filter>Header Files</Filter>
    </ClInclude>
    <ClInclude Include="source\DocLog.h">
      <Filter>Header Files</Filter>
    </ClInclude>
    <ClInclude Include="source\ExportDlg.h">
      <Filter>Header Files</Filter>
    </ClInclude>
    <ClInclude Include="source\ExportTiffDlg.h">
      <Filter>Header Files</Filter>
    </ClInclude>
    <ClInclude Include="source\FileTiff.h">
      <Filter>Header Files</Filter>
    </ClInclude>
    <ClInclude Include="source\FolderDlg.h">
      <Filter>Header Files</Filter>
    </ClInclude>
    <ClInclude Include="source\General.h">
      <Filter>Header Files</Filter>
    </ClInclude>
    <ClInclude Include="source\HyperlinkStatic.h">
      <Filter>Header Files</Filter>
    </ClInclude>
    <ClInclude Include="source\ImgDecode.h">
      <Filter>Header Files</Filter>
    </ClInclude>
    <ClInclude Include="source\JfifDecode.h">
      <Filter>Header Files</Filter>
    </ClInclude>
    <ClInclude Include="source\JPEGsnoop.h">
      <Filter>Header Files</Filter>
    </ClInclude>
    <ClInclude Include="source\JPEGsnoopCore.h">
      <Filter>Header Files</Filter>
    </ClInclude>
    <ClInclude Include="source\JPEGsnoopDoc.h">
      <Filter>Header Files</Filter>
    </ClInclude>
    <ClInclude Include="source\JPEGsnoopView.h">
      <Filter>Header Files</Filter>
    </ClInclude>
    <ClInclude Include="source\JPEGsnoopViewImg.h">
      <Filter>Header Files</Filter>
    </ClInclude>
    <ClInclude Include="source\LookupDlg.h">
      <Filter>Header Files</Filter>
    </ClInclude>
    <ClInclude Include="source\MainFrm.h">
      <Filter>Header Files</Filter>
    </ClInclude>
    <ClInclude Include="source\Md5.h">
      <Filter>Header Files</Filter>
    </ClInclude>
    <ClInclude Include="source\ModelessDlg.h">
      <Filter>Header Files</Filter>
    </ClInclude>
    <ClInclude Include="source\NoteDlg.h">
      <Filter>Header Files</Filter>
    </ClInclude>
    <ClInclude Include="source\OffsetDlg.h">
      <Filter>Header Files</Filter>
    </ClInclude>
    <ClInclude Include="source\OverlayBufDlg.h">
      <Filter>Header Files</Filter>
    </ClInclude>
    <ClInclude Include="source\Registry.h">
      <Filter>Header Files</Filter>
    </ClInclude>
    <ClInclude Include="source\SettingsDlg.h">
      <Filter>Header Files</Filter>
    </ClInclude>
    <ClInclude Include="source\snoop.h">
      <Filter>Header Files</Filter>
    </ClInclude>
    <ClInclude Include="source\SnoopConfig.h">
      <Filter>Header Files</Filter>
    </ClInclude>
    <ClInclude Include="source\stdafx.h">
      <Filter>Header Files</Filter>
    </ClInclude>
    <ClInclude Include="source\TermsDlg.h">
      <Filter>Header Files</Filter>
    </ClInclude>
    <ClInclude Include="source\UpdateAvailDlg.h">
      <Filter>Header Files</Filter>
    </ClInclude>
    <ClInclude Include="source\UrlString.h">
      <Filter>Header Files</Filter>
    </ClInclude>
    <ClInclude Include="source\WindowBuf.h">
      <Filter>Header Files</Filter>
    </ClInclude>
    <ClInclude Include="source\Resource.h">
      <Filter>Header Files</Filter>
    </ClInclude>
  </ItemGroup>
  <ItemGroup>
    <None Include="source\Signatures.inl">
      <Filter>Header Files</Filter>
    </None>
    <None Include="res\JPEGsnoop.rc2">
      <Filter>Resource Files</Filter>
    </None>
    <None Include="makefile" />
  </ItemGroup>
  <ItemGroup>
    <Image Include="res\jpegsnoop-prog-icon1-novista.ico">
      <Filter>Resource Files</Filter>
    </Image>
    <Image Include="res\JPEGsnoopDoc.ico">
      <Filter>Resource Files</Filter>
    </Image>
    <Image Include="res\Toolbar.bmp">
      <Filter>Resource Files</Filter>
    </Image>
  </ItemGroup>
  <ItemGroup>
    <Manifest Include="res\JPEGsnoop.manifest" />
  </ItemGroup>
  <ItemGroup>
    <Text Include="README-FILES.txt" />
    <Text Include="VERSION.txt" />
    <Text Include="README.md" />
  </ItemGroup>
  <ItemGroup>
    <ResourceCompile Include="source\JPEGsnoop.rc">
      <Filter>Resource Files</Filter>
    </ResourceCompile>
  </ItemGroup>
</Project>